
Microsoft Visual Studio Solution File, Format Version 12.00
# Visual Studio Version 16
VisualStudioVersion = 16.0.31911.196
MinimumVisualStudioVersion = 10.0.40219.1
Project("{9A19103F-16F7-4668-BE54-9A1E7A4F7556}") = "LR_4", "LR_4\LR_4.csproj", "{82219512-36C6-495B-AA0B-29813406CC18}"
EndProject
Project("{FAE04EC0-301F-11D3-BF4B-00C04F79EFBC}") = "LR_4.Tests", "LR_4.Tests\LR_4.Tests.csproj", "{9BE48478-0916-4BAC-974D-0DC5B798CD86}"
EndProject
Global
	GlobalSection(SolutionConfigurationPlatforms) = preSolution
		Debug|Any CPU = Debug|Any CPU
		Release|Any CPU = Release|Any CPU
	EndGlobalSection
	GlobalSection(ProjectConfigurationPlatforms) = postSolution
		{82219512-36C6-495B-AA0B-29813406CC18}.Debug|Any CPU.ActiveCfg = Debug|Any CPU
		{82219512-36C6-495B-AA0B-29813406CC18}.Debug|Any CPU.Build.0 = Debug|Any CPU
		{82219512-36C6-495B-AA0B-29813406CC18}.Release|Any CPU.ActiveCfg = Release|Any CPU
		{82219512-36C6-495B-AA0B-29813406CC18}.Release|Any CPU.Build.0 = Release|Any CPU
		{9BE48478-0916-4BAC-974D-0DC5B798CD86}.Debug|Any CPU.ActiveCfg = Debug|Any CPU
		{9BE48478-0916-4BAC-974D-0DC5B798CD86}.Debug|Any CPU.Build.0 = Debug|Any CPU
		{9BE48478-0916-4BAC-974D-0DC5B798CD86}.Release|Any CPU.ActiveCfg = Release|Any CPU
		{9BE48478-0916-4BAC-974D-0DC5B798CD86}.Release|Any CPU.Build.0 = Release|Any CPU
	EndGlobalSection
	GlobalSection(SolutionProperties) = preSolution
		HideSolutionNode = FALSE
	EndGlobalSection
	GlobalSection(ExtensibilityGlobals) = postSolution
		SolutionGuid = {59621A44-6BFD-4BB9-9590-84AB5ED64BE7}
	EndGlobalSection
EndGlobal
